
Microsoft Visual Studio Solution File, Format Version 12.00
# Visual Studio 15
VisualStudioVersion = 15.0.27625.0
MinimumVisualStudioVersion = 10.0.40219.1
Project("{FAE04EC0-301F-11D3-BF4B-00C04F79EFBC}") = "Tools", "Tools\Tools.csproj", "{3B71D399-9780-4A5D-A77C-AA0E894345CC}"
EndProject
Global
	GlobalSection(SolutionConfigurationPlatforms) = preSolution
		Debug|Any CPU = Debug|Any CPU
		Release|Any CPU = Release|Any CPU
	EndGlobalSection
	GlobalSection(ProjectConfigurationPlatforms) = postSolution
		{3B71D399-9780-4A5D-A77C-AA0E894345CC}.Debug|Any CPU.ActiveCfg = Debug|Any CPU
		{3B71D399-9780-4A5D-A77C-AA0E894345CC}.Debug|Any CPU.Build.0 = Debug|Any CPU
		{3B71D399-9780-4A5D-A77C-AA0E894345CC}.Release|Any CPU.ActiveCfg = Release|Any CPU
		{3B71D399-9780-4A5D-A77C-AA0E894345CC}.Release|Any CPU.Build.0 = Release|Any CPU
	EndGlobalSection
	GlobalSection(SolutionProperties) = preSolution
		HideSolutionNode = FALSE
	EndGlobalSection
	GlobalSection(ExtensibilityGlobals) = postSolution
		SolutionGuid = {798575E0-852A-4FB7-AB3C-8CE4D583B30F}
	EndGlobalSection
EndGlobal
